
Microsoft Visual Studio Solution File, Format Version 12.00
# Visual Studio Version 17
VisualStudioVersion = 17.9.34701.34
MinimumVisualStudioVersion = 10.0.40219.1
Project("{FAE04EC0-301F-11D3-BF4B-00C04F79EFBC}") = "exercicio3", "exercicio3\exercicio3.csproj", "{93F3B5B0-90B2-4016-8985-8F980A99D299}"
EndProject
Global
	GlobalSection(SolutionConfigurationPlatforms) = preSolution
		Debug|Any CPU = Debug|Any CPU
		Release|Any CPU = Release|Any CPU
	EndGlobalSection
	GlobalSection(ProjectConfigurationPlatforms) = postSolution
		{93F3B5B0-90B2-4016-8985-8F980A99D299}.Debug|Any CPU.ActiveCfg = Debug|Any CPU
		{93F3B5B0-90B2-4016-8985-8F980A99D299}.Debug|Any CPU.Build.0 = Debug|Any CPU
		{93F3B5B0-90B2-4016-8985-8F980A99D299}.Release|Any CPU.ActiveCfg = Release|Any CPU
		{93F3B5B0-90B2-4016-8985-8F980A99D299}.Release|Any CPU.Build.0 = Release|Any CPU
	EndGlobalSection
	GlobalSection(SolutionProperties) = preSolution
		HideSolutionNode = FALSE
	EndGlobalSection
	GlobalSection(ExtensibilityGlobals) = postSolution
		SolutionGuid = {F5BE1E09-E1E6-4D49-B33C-50DE9E202E0E}
	EndGlobalSection
EndGlobal
